
Microsoft Visual Studio Solution File, Format Version 12.00
Project("{FAE04EC0-301F-11D3-BF4B-00C04F79EFBC}") = "PromQL.Parser", "src\PromQL.Parser\PromQL.Parser.csproj", "{331919D7-1FDE-4FB7-8E14-2C7AB3B2CDC3}"
EndProject
Project("{FAE04EC0-301F-11D3-BF4B-00C04F79EFBC}") = "PromQL.Parser.Tests", "tests\PromQL.Parser.Tests\PromQL.Parser.Tests.csproj", "{B0A922EC-3B14-461D-BB9C-0C16051F1CA6}"
EndProject
Global
	GlobalSection(SolutionConfigurationPlatforms) = preSolution
		Debug|Any CPU = Debug|Any CPU
		Release|Any CPU = Release|Any CPU
	EndGlobalSection
	GlobalSection(ProjectConfigurationPlatforms) = postSolution
		{331919D7-1FDE-4FB7-8E14-2C7AB3B2CDC3}.Debug|Any CPU.ActiveCfg = Debug|Any CPU
		{331919D7-1FDE-4FB7-8E14-2C7AB3B2CDC3}.Debug|Any CPU.Build.0 = Debug|Any CPU
		{331919D7-1FDE-4FB7-8E14-2C7AB3B2CDC3}.Release|Any CPU.ActiveCfg = Release|Any CPU
		{331919D7-1FDE-4FB7-8E14-2C7AB3B2CDC3}.Release|Any CPU.Build.0 = Release|Any CPU
		{B0A922EC-3B14-461D-BB9C-0C16051F1CA6}.Debug|Any CPU.ActiveCfg = Debug|Any CPU
		{B0A922EC-3B14-461D-BB9C-0C16051F1CA6}.Debug|Any CPU.Build.0 = Debug|Any CPU
		{B0A922EC-3B14-461D-BB9C-0C16051F1CA6}.Release|Any CPU.ActiveCfg = Release|Any CPU
		{B0A922EC-3B14-461D-BB9C-0C16051F1CA6}.Release|Any CPU.Build.0 = Release|Any CPU
	EndGlobalSection
EndGlobal
